{
  "version": 4,
  "terraform_version": "1.0.0",
  "serial": 30,
  "lineage": "f780013c-6bb1-cb73-dba9-c4460f3da99d",
  "outputs": {},
  "resources": [
    {
      "mode": "managed",
      "type": "aws_dynamodb_table",
      "name": "main_table",
      "provider": "provider[\"registry.terraform.io/hashicorp/aws\"]",
      "instances": [
        {
          "schema_version": 1,
          "attributes": {
            "arn": "arn:aws:dynamodb:us-east-1:000000000000:table/parsley",
            "attribute": [
              {
                "name": "Parsley-1",
                "type": "S"
              },
              {
                "name": "Parsley-2",
                "type": "N"
              }
            ],
            "billing_mode": "PROVISIONED",
            "global_secondary_index": [],
            "hash_key": "Parsley-1",
            "id": "parsley",
            "local_secondary_index": [],
            "name": "parsley",
            "point_in_time_recovery": [
              {
                "enabled": false
              }
            ],
            "range_key": "Parsley-2",
            "read_capacity": 5,
            "replica": [],
            "server_side_encryption": [
              {
                "enabled": true,
                "kms_key_arn": ""
              }
            ],
            "stream_arn": "arn:aws:dynamodb:us-east-1:000000000000:table/parsley/stream/2021-06-28T23:08:49.136",
            "stream_enabled": true,
            "stream_label": "2021-06-28T23:08:49.136",
            "stream_view_type": "NEW_AND_OLD_IMAGES",
            "tags": {},
            "tags_all": {},
            "timeouts": null,
            "ttl": [
              {
                "attribute_name": "",
                "enabled": false,
                "kms_key_arn": ""
              }
            ],
            "write_capacity": 5
          },
          "sensitive_attributes": [],
          "private": "eyJlMmJmYjczMC1lY2FhLTExZTYtOGY4OC0zNDM2M2JjN2M0YzAiOnsiY3JlYXRlIjoxMjAwMDAwMDAwMDAwLCJkZWxldGUiOjYwMDAwMDAwMDAwMCwidXBkYXRlIjozNjAwMDAwMDAwMDAwfSwic2NoZW1hX3ZlcnNpb24iOiIxIn0="
        }
      ]
    },
    {
      "module": "module.iam_user_Developer",
      "mode": "managed",
      "type": "aws_iam_access_key",
      "name": "access_key_encrypted",
      "provider": "provider[\"registry.terraform.io/hashicorp/aws\"]",
      "instances": [
        {
          "index_key": 0,
          "schema_version": 0,
          "attributes": {
            "create_date": "2021-06-28T23:24:08Z",
            "encrypted_secret": "wcBMAyIPbuyE1GplAQgAjmpZwiiTIoxbW4D31dD3uO6ujsaNDioCsuw2e3pOJhBeJ1XL09bRXcio9yCC6cQY60mS/CCYUld7KRg6ZFlcKphlAlrrp1vS+4JjpJ2iUXNMY3KDEt4LlZNjAiTgjQJH7bZKdZ29NiBWdPSczlD1RgqSQMrEO5S0WdkqnIb/tdFE0w5X+pu5FBKSCVBgtRcTF6tczsH7nQs/SZkC2g8NhlqheRzkY6NekW11yDBgBCtoMf/dtCg4ZTpkp9InsPGofJz42AvTwNPhzQ1g+Qo8dq2N4vNxRT/3+bO1zAUQcKmcDV0jrRRvScXXQZwUcOpwKe5JRH4yJ+WFqHVJYZNa4dLgAeSklEiXhUJgGjWRuoYS9+DW4VSz4NzgWeEX7eCY4uNfDwHgT+XGHg5dwsO0chuxvHCpemb3rSi2vZbGhBYfV2C1E0VYkeA841PzPSMQJ54m4MLkgYxT5mtqzL5s57Kr1G+Bm+KN9HJ/4XyOAA==",
            "id": "AKIA5D66LOV37B53HIMX",
            "key_fingerprint": "d5539ff96c8e40fff9ee6e9445141df80da48748",
            "pgp_key": "keybase:test",
            "secret": null,
            "ses_smtp_password_v4": "BAsunepx5rM+4NYxMthWJVia5RnXEBIl3CtG78y8fOOz",
            "status": "Active",
            "user": "Developer_Brooklyn"
          },
          "sensitive_attributes": [],
          "private": "bnVsbA==",
          "dependencies": [
            "module.iam_user_Developer.aws_iam_user.user"
          ]
        }
      ]
    },
    {
      "module": "module.iam_user_Developer",
      "mode": "managed",
      "type": "aws_iam_account_password_policy",
      "name": "strict",
      "provider": "provider[\"registry.terraform.io/hashicorp/aws\"]",
      "instances": [
        {
          "schema_version": 0,
          "attributes": {
            "allow_users_to_change_password": true,
            "expire_passwords": true,
            "hard_expiry": false,
            "id": "iam-account-password-policy",
            "max_password_age": 364,
            "minimum_password_length": 18,
            "password_reuse_prevention": 7,
            "require_lowercase_characters": true,
            "require_numbers": true,
            "require_symbols": true,
            "require_uppercase_characters": true
          },
          "sensitive_attributes": [],
          "private": "bnVsbA=="
        }
      ]
    },
    {
      "module": "module.iam_user_Developer",
      "mode": "managed",
      "type": "aws_iam_user",
      "name": "user",
      "provider": "provider[\"registry.terraform.io/hashicorp/aws\"]",
      "instances": [
        {
          "schema_version": 0,
          "attributes": {
            "arn": "arn:aws:iam::000000000000:user/Developer_Brooklyn",
            "force_destroy": false,
            "id": "Developer_Brooklyn",
            "name": "Developer_Brooklyn",
            "path": "/",
            "permissions_boundary": "",
            "tags": {},
            "tags_all": {},
            "unique_id": "ce2ncbwudctdlqj6gmf8"
          },
          "sensitive_attributes": [],
          "private": "bnVsbA=="
        }
      ]
    },
    {
      "module": "module.iam_user_Developer",
      "mode": "managed",
      "type": "aws_iam_user_login_profile",
      "name": "login_profile",
      "provider": "provider[\"registry.terraform.io/hashicorp/aws\"]",
      "instances": [
        {
          "index_key": 0,
          "schema_version": 0,
          "attributes": {
            "encrypted_password": "wcBMAyIPbuyE1GplAQgAQnMQFcRIEDsYNp2bXv3DBIwUEuZVO0tviaSfYcFbnLEDIZ+Kyxj/Lye+AzhTBV7Tn4q0umtZqjgJlJSscobyJDPQYld2VHlRH6xZONleTVIixJDFP/oALSijo3v25CxiKKO4NW9a79QhVZfVZc6C8sfjCHE7220nrrjKCCr9sg+ZZQkEorLfqjgJaSeHW/1V6J8Wk0gduAwiq/7u4Oi9Fboe2Y17QdRxLetGpI3wA+ew6iWNxjTONi9hh5CZKke2rTjuKYkxWgbfAdxfUCzCbRcWxyrKNfkM9fyq5ZY4rPf/btAJ8UvrLP00qZdV6jUDwxzDXsGqBbkOZ47iOaruYNLgAeRr8IrfOoVAIO2FqDnqkWl14QUq4P3gN+Fws+AY4miI+r7gdeTIkqajP8PkfapENSw8YyhN4JPjULx3IzZqnpvgKeLGfoGK4Kfhil3gL+R+4HBBq2YERCf2QYSUVMyW4j+uSEjhmXYA",
            "id": "Developer_Brooklyn",
            "key_fingerprint": "d5539ff96c8e40fff9ee6e9445141df80da48748",
            "password_length": 30,
            "password_reset_required": true,
            "pgp_key": "keybase:test",
            "user": "Developer_Brooklyn"
          },
          "sensitive_attributes": [],
          "private": "bnVsbA==",
          "dependencies": [
            "module.iam_user_Developer.aws_iam_user.user"
          ]
        }
      ]
    },
    {
      "module": "module.iam_user_Developer",
      "mode": "managed",
      "type": "aws_iam_user_ssh_key",
      "name": "ssh",
      "provider": "provider[\"registry.terraform.io/hashicorp/aws\"]",
      "instances": [
        {
          "index_key": 0,
          "schema_version": 0,
          "attributes": {
            "encoding": "SSH",
            "fingerprint": "05e9d879348bb0426794cabcf1422b70",
            "id": "APKAX08TPH8HDHTQJ77P",
            "public_key": "ssh-rsa AAAAB3NzaC1yc2EAAAADAQABAAABAQCRKvYwmflRaSQZp/Z0XU6w3jPCrspnNu7NebfMPFXfhjI7JxZPRtTIN7imkGg1WS6PGmHFfZRZGSN+V4eX+X3uyvU3ZrzZbz8oV6DFDQi9kvnM1HMLz07kLOhu94/uZtpIYbWYfSRJQSJ9MsINzyXT4WbL+97LImBBMxCvSlG9i0AeRBCSRXE+hin1iJquZiH2j3GV007gW21kcvoCZnHONCIucbSQUBevNBibWh4ljf1s1bKo0fkEPMMcyMUpeQ9GswNUHAYgfovrDecwmtJZV4ll/Raf8L6MbWo0Oko+J9ZQ6coM5TW/pEZLewb6XyUeKDDWjOTVxr/W5fvpByPn",
            "ssh_public_key_id": "APKAX08TPH8HDHTQJ77P",
            "status": "Active",
            "username": "Developer_Brooklyn"
          },
          "sensitive_attributes": [],
          "private": "bnVsbA==",
          "dependencies": [
            "module.iam_user_Developer.aws_iam_user.user"
          ]
        }
      ]
    },
    {
      "module": "module.iam_user_Manger",
      "mode": "managed",
      "type": "aws_iam_access_key",
      "name": "access_key_encrypted",
      "provider": "provider[\"registry.terraform.io/hashicorp/aws\"]",
      "instances": [
        {
          "index_key": 0,
          "schema_version": 0,
          "attributes": {
            "create_date": "2021-06-28T23:24:08Z",
            "encrypted_secret": "wcBMAyIPbuyE1GplAQgARl3+q/au6E6eB+z2sxXfIMxq1Zif/c8/kNAFqwSVwEnWicPtRuZRh4cmb1c/ItGcQ8543wRsAqd3NgZeHBL6wC9go6ox3kY9tlTZDoz3rB/ZPl1BVv2OcrYUS786rKXHRNSlo/rfZIV/5hMKqx8SsScfPfAFNPtVWluYzdzCzWEQNuoiIryjOIrHRtvuXrRM4PMuR3XNnXfBLct8QJqXJGacGQkMWm9cmNPv9+fuvKhL9ZncWQSVlFKKCTmOPC9xXiJbiSRQwCl+kJnqn1OaW9MysPqeYQluv+z031p1Gr2AcP8LO+A6lPODufzjEN6grh/sdv5LFH/smKGri9jlWNLgAeSv3weuqD6rnyRKKjqibYUZ4Ztl4IXguuEWEeDx4sBfc5vgNuXX22hhMICut+jeEEnU6FXqm1hU48j6VmOr/c13/bnCIeB+46EGyn6/wR6u4FDk/AJ7xItksXVhYnIgWRiD7OJbymj84R0DAA==",
            "id": "AKIASVI79M9IZINYS1RT",
            "key_fingerprint": "d5539ff96c8e40fff9ee6e9445141df80da48748",
            "pgp_key": "keybase:test",
            "secret": null,
            "ses_smtp_password_v4": "BJ5/cgRWhr1lPRznq3u8fX0EKqc2DbWxHyr6MTYwbxjD",
            "status": "Active",
            "user": "Manger_Brooklyn"
          },
          "sensitive_attributes": [],
          "private": "bnVsbA==",
          "dependencies": [
            "module.iam_user_Manger.aws_iam_user.user"
          ]
        }
      ]
    },
    {
      "module": "module.iam_user_Manger",
      "mode": "managed",
      "type": "aws_iam_account_password_policy",
      "name": "strict",
      "provider": "provider[\"registry.terraform.io/hashicorp/aws\"]",
      "instances": [
        {
          "schema_version": 0,
          "attributes": {
            "allow_users_to_change_password": true,
            "expire_passwords": true,
            "hard_expiry": false,
            "id": "iam-account-password-policy",
            "max_password_age": 364,
            "minimum_password_length": 18,
            "password_reuse_prevention": 7,
            "require_lowercase_characters": true,
            "require_numbers": true,
            "require_symbols": true,
            "require_uppercase_characters": true
          },
          "sensitive_attributes": [],
          "private": "bnVsbA=="
        }
      ]
    },
    {
      "module": "module.iam_user_Manger",
      "mode": "managed",
      "type": "aws_iam_user",
      "name": "user",
      "provider": "provider[\"registry.terraform.io/hashicorp/aws\"]",
      "instances": [
        {
          "schema_version": 0,
          "attributes": {
            "arn": "arn:aws:iam::000000000000:user/Manger_Brooklyn",
            "force_destroy": false,
            "id": "Manger_Brooklyn",
            "name": "Manger_Brooklyn",
            "path": "/",
            "permissions_boundary": "",
            "tags": {},
            "tags_all": {},
            "unique_id": "2q6pjp73kxa8r8zv5vce"
          },
          "sensitive_attributes": [],
          "private": "bnVsbA=="
        }
      ]
    },
    {
      "module": "module.iam_user_Manger",
      "mode": "managed",
      "type": "aws_iam_user_login_profile",
      "name": "login_profile",
      "provider": "provider[\"registry.terraform.io/hashicorp/aws\"]",
      "instances": [
        {
          "index_key": 0,
          "schema_version": 0,
          "attributes": {
            "encrypted_password": "wcBMAyIPbuyE1GplAQgAKsqZDGKAD5pWDcuazt4ddFvQJIdrfMpHsHEsiRQPL2JMSgPwnZU2ukEX0bhkiJQPreaCsFK+54YIR8wN1Lsp3k9enSfWOZP8Uh1RrQg44YFDMZcDYF/UkCmwWml8TPuwQ4mkTIw7rbEeHpBYgDIv8CohaHn9DaVIAfzXEyxnz1Gywz4q/ALXle5uXZL+chUOirkMMdlCIz8F6x2Eb5LsGFh38P/Vg3HO6DYnvKuAvfhivUStgT/oRjnW6LxJpPzIsUtCsC3XojmAds2KW94u3syafviYVMIh58JyjqXZlMnm4FcoNFpWDDfLgu8CpSn3ngbQ+OYeiQsVV6BsUH/6GtLgAeToW5joSm9NVsktIgvfaVgj4cvE4ILg9eEw0+Dn4vwPt3zg4OTBb6AhZsDlPCyknjNywuC84K3jYc7F881axhrgyuK+eLw94Gzh3n7gveRTFTNOX5j2JTAufM/cJk3S4n6zFsHhpNoA",
            "id": "Manger_Brooklyn",
            "key_fingerprint": "d5539ff96c8e40fff9ee6e9445141df80da48748",
            "password_length": 30,
            "password_reset_required": true,
            "pgp_key": "keybase:test",
            "user": "Manger_Brooklyn"
          },
          "sensitive_attributes": [],
          "private": "bnVsbA==",
          "dependencies": [
            "module.iam_user_Manger.aws_iam_user.user"
          ]
        }
      ]
    }
  ]
}
