{
  "version": 4,
  "terraform_version": "1.0.0",
  "serial": 41,
  "lineage": "f780013c-6bb1-cb73-dba9-c4460f3da99d",
  "outputs": {},
  "resources": [
    {
      "mode": "managed",
      "type": "aws_dynamodb_table",
      "name": "main_table",
      "provider": "provider[\"registry.terraform.io/hashicorp/aws\"]",
      "instances": [
        {
          "schema_version": 1,
          "attributes": {
            "arn": "arn:aws:dynamodb:us-east-1:000000000000:table/parsley",
            "attribute": [
              {
                "name": "Parsley-1",
                "type": "S"
              },
              {
                "name": "Parsley-2",
                "type": "N"
              }
            ],
            "billing_mode": "PROVISIONED",
            "global_secondary_index": [],
            "hash_key": "Parsley-1",
            "id": "parsley",
            "local_secondary_index": [],
            "name": "parsley",
            "point_in_time_recovery": [
              {
                "enabled": false
              }
            ],
            "range_key": "Parsley-2",
            "read_capacity": 5,
            "replica": [],
            "server_side_encryption": [],
            "stream_arn": "arn:aws:dynamodb:us-east-1:000000000000:table/parsley/stream/2021-06-28T23:25:10.160",
            "stream_enabled": true,
            "stream_label": "2021-06-28T23:25:10.160",
            "stream_view_type": "NEW_AND_OLD_IMAGES",
            "tags": null,
            "tags_all": {},
            "timeouts": null,
            "ttl": [
              {
                "attribute_name": "",
                "enabled": false,
                "kms_key_arn": ""
              }
            ],
            "write_capacity": 5
          },
          "sensitive_attributes": [],
          "private": "eyJlMmJmYjczMC1lY2FhLTExZTYtOGY4OC0zNDM2M2JjN2M0YzAiOnsiY3JlYXRlIjoxMjAwMDAwMDAwMDAwLCJkZWxldGUiOjYwMDAwMDAwMDAwMCwidXBkYXRlIjozNjAwMDAwMDAwMDAwfSwic2NoZW1hX3ZlcnNpb24iOiIxIn0="
        }
      ]
    },
    {
      "module": "module.iam_user_Developer",
      "mode": "managed",
      "type": "aws_iam_access_key",
      "name": "access_key_encrypted",
      "provider": "provider[\"registry.terraform.io/hashicorp/aws\"]",
      "instances": [
        {
          "index_key": 0,
          "schema_version": 0,
          "attributes": {
            "create_date": "2021-06-28T23:25:10Z",
            "encrypted_secret": "wcBMAyIPbuyE1GplAQgABuXRYbPbCPRMdMxDhGvGkv/Azzh0Hi31aOM6L17eZfU3g2KFAIGFfmoOz/oq+dzDf4CfxYN19nXHxx2bSZXZXEQR1pDYhMfxu/Jh7Hu0JSOeb5hHs2oa8S+RghUnC0O6ppvqCuEUjVNVfmvcWcDV/LSmCRyttGyH91HTugkKRjd6EfHgq+pkG0xtFAjdUyXvVGhaTPd4aHCHVQkXUAa9OUPpCmKe5VHc8rCscX7QMGRch3256KmXjTT3tWw1kZTGTaY5M/poPFQ+9vyhOLxVDyfMcj7xCtVBjZHzac1Tyi6pgD6GbAxCfmlNvxANm4QpJ8NHvLUJDu6DCle01Lk4fNLgAeT0qk04O1aqyTZIfUdESRwb4aQy4HXg2uEx9+CS4j5hYMjgyuUSBA7LM294spyfQ7VVvvq0HQ7eA9RL7/ZmwTUpY732bOA24wHlKsHBmbsG4OXkhVE0/q2wCN67mF2U9HswR+LoZpvY4QTaAA==",
            "id": "AKIA5W8CGF2KHOSJ1UFP",
            "key_fingerprint": "d5539ff96c8e40fff9ee6e9445141df80da48748",
            "pgp_key": "keybase:test",
            "secret": null,
            "ses_smtp_password_v4": "BLhLkmNnOVB8CbSJyMbzzu/YAx4v01sylmQnLYsUHECA",
            "status": "Active",
            "user": "Developer_Brooklyn"
          },
          "sensitive_attributes": [],
          "private": "bnVsbA==",
          "dependencies": [
            "module.iam_user_Developer.aws_iam_user.user"
          ]
        }
      ]
    },
    {
      "module": "module.iam_user_Developer",
      "mode": "managed",
      "type": "aws_iam_account_password_policy",
      "name": "strict",
      "provider": "provider[\"registry.terraform.io/hashicorp/aws\"]",
      "instances": [
        {
          "schema_version": 0,
          "attributes": {
            "allow_users_to_change_password": true,
            "expire_passwords": true,
            "hard_expiry": false,
            "id": "iam-account-password-policy",
            "max_password_age": 364,
            "minimum_password_length": 18,
            "password_reuse_prevention": 7,
            "require_lowercase_characters": true,
            "require_numbers": true,
            "require_symbols": true,
            "require_uppercase_characters": true
          },
          "sensitive_attributes": [],
          "private": "bnVsbA=="
        }
      ]
    },
    {
      "module": "module.iam_user_Developer",
      "mode": "managed",
      "type": "aws_iam_user",
      "name": "user",
      "provider": "provider[\"registry.terraform.io/hashicorp/aws\"]",
      "instances": [
        {
          "schema_version": 0,
          "attributes": {
            "arn": "arn:aws:iam::000000000000:user/Developer_Brooklyn",
            "force_destroy": false,
            "id": "Developer_Brooklyn",
            "name": "Developer_Brooklyn",
            "path": "/",
            "permissions_boundary": "",
            "tags": null,
            "tags_all": {},
            "unique_id": "wx0rcfsxw2s4nqujfnlx"
          },
          "sensitive_attributes": [],
          "private": "bnVsbA=="
        }
      ]
    },
    {
      "module": "module.iam_user_Developer",
      "mode": "managed",
      "type": "aws_iam_user_login_profile",
      "name": "login_profile",
      "provider": "provider[\"registry.terraform.io/hashicorp/aws\"]",
      "instances": [
        {
          "index_key": 0,
          "schema_version": 0,
          "attributes": {
            "encrypted_password": "wcBMAyIPbuyE1GplAQgAM9CMjhXijkGe2mHWS0vtLS4vL/GwlVeb2NS6SutVSmUVcG9k1U0iMviPnFrvXG1s2ilX1CSCroF8JjWWrkaaRVSKwpp4xKe1lyvoBW2ulC9Zz1gxwuifWJAi8atOfZzMr5OGFrYN6vslNK1mBYuD4BteOHURpkiSMyOCAhtDZOsaMhFq7qM2/Et5MW2O8bSjAtCayXs+etYfeWjk+LXnkgI3PP8ejhG2ZgHBaZt9oBcAyIkDp5tbayQJ35OK+nZyG4OYN1sjI5aHAMuB/ARy8MazRPwpKaB/MEt23z1UOaJej+3CKAc+EQ0mgrgCnmSazMGeHq4W9a8hn3VbH4ByKNLgAeTdefWtr2rzDh1VpKHJSswa4ZHK4MTgZeGrWeCN4k//aMTgHuTbaey7GXomHgZ3REP+K9sQ4HLjj3G83i6p6T3gpeLmcvaB4EvhSdrg5OTwkum+ONd3ApEkAUlNGmUj4iTLUlvhjf8A",
            "id": "Developer_Brooklyn",
            "key_fingerprint": "d5539ff96c8e40fff9ee6e9445141df80da48748",
            "password_length": 30,
            "password_reset_required": true,
            "pgp_key": "keybase:test",
            "user": "Developer_Brooklyn"
          },
          "sensitive_attributes": [],
          "private": "bnVsbA==",
          "dependencies": [
            "module.iam_user_Developer.aws_iam_user.user"
          ]
        }
      ]
    },
    {
      "module": "module.iam_user_Developer",
      "mode": "managed",
      "type": "aws_iam_user_ssh_key",
      "name": "ssh",
      "provider": "provider[\"registry.terraform.io/hashicorp/aws\"]",
      "instances": [
        {
          "index_key": 0,
          "schema_version": 0,
          "attributes": {
            "encoding": "SSH",
            "fingerprint": "05e9d879348bb0426794cabcf1422b70",
            "id": "APKAYO2E42XXMXSQ23Q7",
            "public_key": "ssh-rsa AAAAB3NzaC1yc2EAAAADAQABAAABAQCRKvYwmflRaSQZp/Z0XU6w3jPCrspnNu7NebfMPFXfhjI7JxZPRtTIN7imkGg1WS6PGmHFfZRZGSN+V4eX+X3uyvU3ZrzZbz8oV6DFDQi9kvnM1HMLz07kLOhu94/uZtpIYbWYfSRJQSJ9MsINzyXT4WbL+97LImBBMxCvSlG9i0AeRBCSRXE+hin1iJquZiH2j3GV007gW21kcvoCZnHONCIucbSQUBevNBibWh4ljf1s1bKo0fkEPMMcyMUpeQ9GswNUHAYgfovrDecwmtJZV4ll/Raf8L6MbWo0Oko+J9ZQ6coM5TW/pEZLewb6XyUeKDDWjOTVxr/W5fvpByPn",
            "ssh_public_key_id": "APKAYO2E42XXMXSQ23Q7",
            "status": "Active",
            "username": "Developer_Brooklyn"
          },
          "sensitive_attributes": [],
          "private": "bnVsbA==",
          "dependencies": [
            "module.iam_user_Developer.aws_iam_user.user"
          ]
        }
      ]
    },
    {
      "module": "module.iam_user_Manger",
      "mode": "managed",
      "type": "aws_iam_access_key",
      "name": "access_key_encrypted",
      "provider": "provider[\"registry.terraform.io/hashicorp/aws\"]",
      "instances": [
        {
          "index_key": 0,
          "schema_version": 0,
          "attributes": {
            "create_date": "2021-06-28T23:25:10Z",
            "encrypted_secret": "wcBMAyIPbuyE1GplAQgARw0gwFBrFD/gMhmCzFLw63FpZTJnrXoGcU5dcGYMpmH5jpAp9U52Ddvfe6O0e14a6HhXOsK7ZL6wZiFnsANqwnuU5sNj1t/tZb4PiiJyYbKsKU4ZocTzdkIrbK7pFhjH1lNZssXbd3erfetewUoGRAPIu3bFfGXnsDfXarwKHfIvQZRk+zYvHOAQ1k5P8e45e2J7u/dh7DKY2BDninKsi55yNyoc9z3sF4oF0t/RVUBUoa4ZVuVn/dGU3jLVLhRUMuNPXAJAZ0tcbe8+Y/7qjahP2uCvm0/exlwoI2Wtu270OW00Kvq561WMkQC+VoF2LKuEcyJ77t7671BFqohKYNLgAeQM8/SbCVU+m7J1IpvbaKHk4WAG4K/gauHGgeCX4h4O4H3gJeWtb5nYR6lT6rz/Ox462qBJzCrRrI1U/ElKNkjf91TV/ODl4/7e48XtZJP84CnkoKNITcifM+Q+Inh/8TKiDuIpEQUA4XnKAA==",
            "id": "AKIA0JNTPKU89EZBYNYT",
            "key_fingerprint": "d5539ff96c8e40fff9ee6e9445141df80da48748",
            "pgp_key": "keybase:test",
            "secret": null,
            "ses_smtp_password_v4": "BFDrDDYHM5Q0UHh28Xulu917KNum0FDTDKcULVGd9SWG",
            "status": "Active",
            "user": "Manger_Brooklyn"
          },
          "sensitive_attributes": [],
          "private": "bnVsbA==",
          "dependencies": [
            "module.iam_user_Manger.aws_iam_user.user"
          ]
        }
      ]
    },
    {
      "module": "module.iam_user_Manger",
      "mode": "managed",
      "type": "aws_iam_account_password_policy",
      "name": "strict",
      "provider": "provider[\"registry.terraform.io/hashicorp/aws\"]",
      "instances": [
        {
          "schema_version": 0,
          "attributes": {
            "allow_users_to_change_password": true,
            "expire_passwords": true,
            "hard_expiry": false,
            "id": "iam-account-password-policy",
            "max_password_age": 364,
            "minimum_password_length": 18,
            "password_reuse_prevention": 7,
            "require_lowercase_characters": true,
            "require_numbers": true,
            "require_symbols": true,
            "require_uppercase_characters": true
          },
          "sensitive_attributes": [],
          "private": "bnVsbA=="
        }
      ]
    },
    {
      "module": "module.iam_user_Manger",
      "mode": "managed",
      "type": "aws_iam_user",
      "name": "user",
      "provider": "provider[\"registry.terraform.io/hashicorp/aws\"]",
      "instances": [
        {
          "schema_version": 0,
          "attributes": {
            "arn": "arn:aws:iam::000000000000:user/Manger_Brooklyn",
            "force_destroy": false,
            "id": "Manger_Brooklyn",
            "name": "Manger_Brooklyn",
            "path": "/",
            "permissions_boundary": "",
            "tags": null,
            "tags_all": {},
            "unique_id": "7zwgkdfb2301g5cuucut"
          },
          "sensitive_attributes": [],
          "private": "bnVsbA=="
        }
      ]
    },
    {
      "module": "module.iam_user_Manger",
      "mode": "managed",
      "type": "aws_iam_user_login_profile",
      "name": "login_profile",
      "provider": "provider[\"registry.terraform.io/hashicorp/aws\"]",
      "instances": [
        {
          "index_key": 0,
          "schema_version": 0,
          "attributes": {
            "encrypted_password": "wcBMAyIPbuyE1GplAQgAG9uS3dQ+4J7pvh8AZD4b7yKIWvbB8vFR+rP+3tlFpJE20SmazPJefQrj/NJbMNFMkTVtdfKywI2O3uJeK6yVvzkgMWydckXpJ9Tnn8ChETiiFMV0RgDtvxzX92/iaWoogCA9iCP0RhQ6jP7z9CUhqahD00qlbk+x2LYQ57Zx6vLEBLymaJK0VWNJ+zh23V5SKKs3L1Idt2v0QCFTlNTAukpafnTX9EcLefU9/WhgpHRBfrB2Dx0IiVI6ayBy0Q2Y7ks/Z7exfTEgyi4za8VF55dJ8tSVw3xtz68G/rXk5EO48m8rWk0EXLJHPwDdJH5dwHELfRiA4r503o+JU7+E6tLgAeS/5g+lRn15SbiXL5R5WO774VCx4GLgs+E8/uBj4nsdhgngYuR6T4bjmUGKKlgVWG6DiIYz4BjjfkV9stq+gEbgfOLXblYc4AnhtEvguOSNKI3WyIatOXx11AFDtxZZ4qsZAvHh6ikA",
            "id": "Manger_Brooklyn",
            "key_fingerprint": "d5539ff96c8e40fff9ee6e9445141df80da48748",
            "password_length": 30,
            "password_reset_required": true,
            "pgp_key": "keybase:test",
            "user": "Manger_Brooklyn"
          },
          "sensitive_attributes": [],
          "private": "bnVsbA==",
          "dependencies": [
            "module.iam_user_Manger.aws_iam_user.user"
          ]
        }
      ]
    }
  ]
}
