{
  "version": 4,
  "terraform_version": "1.0.0",
  "serial": 53,
  "lineage": "2ce8f5d3-3ecf-0d22-00c3-7a7fad41adde",
  "outputs": {},
  "resources": [
    {
      "module": "module.iam_user",
      "mode": "data",
      "type": "aws_iam_policy_document",
      "name": "DynamoDB_READ",
      "provider": "provider[\"registry.terraform.io/hashicorp/aws\"]",
      "instances": [
        {
          "schema_version": 0,
          "attributes": {
            "id": "2734149725",
            "json": "{\n  \"Version\": \"2012-10-17\",\n  \"Statement\": [\n    {\n      \"Sid\": \"\",\n      \"Effect\": \"Allow\",\n      \"Action\": [\n        \"dynamodb:Scan\",\n        \"dynamodb:Query\"\n      ],\n      \"Resource\": \"arn:aws:dynamodb:us-east-1:*:table/parsley\"\n    }\n  ]\n}",
            "override_json": null,
            "override_policy_documents": null,
            "policy_id": null,
            "source_json": null,
            "source_policy_documents": null,
            "statement": [
              {
                "actions": [
                  "dynamodb:Query",
                  "dynamodb:Scan"
                ],
                "condition": [],
                "effect": "Allow",
                "not_actions": [],
                "not_principals": [],
                "not_resources": [],
                "principals": [],
                "resources": [
                  "arn:aws:dynamodb:us-east-1:*:table/parsley"
                ],
                "sid": ""
              }
            ],
            "version": "2012-10-17"
          },
          "sensitive_attributes": []
        }
      ]
    },
    {
      "module": "module.iam_user",
      "mode": "data",
      "type": "aws_iam_policy_document",
      "name": "DynamoDB_Target_READ",
      "provider": "provider[\"registry.terraform.io/hashicorp/aws\"]",
      "instances": [
        {
          "schema_version": 0,
          "attributes": {
            "id": "1910282293",
            "json": "{\n  \"Version\": \"2012-10-17\",\n  \"Statement\": [\n    {\n      \"Sid\": \"\",\n      \"Effect\": \"Allow\",\n      \"Action\": [\n        \"dynamodb:Scan\",\n        \"dynamodb:Query\"\n      ],\n      \"Resource\": \"arn:aws:dynamodb:us-east-1:*:table/parsley\",\n      \"Condition\": {\n        \"ForAllValues:StringEquals\": {\n          \"dynamodb:Attributes\": [\n            \"Parslet-2\"\n          ]\n        }\n      }\n    }\n  ]\n}",
            "override_json": null,
            "override_policy_documents": null,
            "policy_id": null,
            "source_json": null,
            "source_policy_documents": null,
            "statement": [
              {
                "actions": [
                  "dynamodb:Query",
                  "dynamodb:Scan"
                ],
                "condition": [
                  {
                    "test": "ForAllValues:StringEquals",
                    "values": [
                      "Parslet-2"
                    ],
                    "variable": "dynamodb:Attributes"
                  }
                ],
                "effect": "Allow",
                "not_actions": [],
                "not_principals": [],
                "not_resources": [],
                "principals": [],
                "resources": [
                  "arn:aws:dynamodb:us-east-1:*:table/parsley"
                ],
                "sid": ""
              }
            ],
            "version": "2012-10-17"
          },
          "sensitive_attributes": []
        }
      ]
    },
    {
      "module": "module.iam_user",
      "mode": "data",
      "type": "aws_iam_policy_document",
      "name": "DynamoDB_Write",
      "provider": "provider[\"registry.terraform.io/hashicorp/aws\"]",
      "instances": [
        {
          "schema_version": 0,
          "attributes": {
            "id": "565073179",
            "json": "{\n  \"Version\": \"2012-10-17\",\n  \"Statement\": [\n    {\n      \"Sid\": \"\",\n      \"Effect\": \"Allow\",\n      \"Action\": \"dynamodb:PutItem\",\n      \"Resource\": \"arn:aws:dynamodb:us-east-1:*:table/parsley\"\n    }\n  ]\n}",
            "override_json": null,
            "override_policy_documents": null,
            "policy_id": null,
            "source_json": null,
            "source_policy_documents": null,
            "statement": [
              {
                "actions": [
                  "dynamodb:PutItem"
                ],
                "condition": [],
                "effect": "Allow",
                "not_actions": [],
                "not_principals": [],
                "not_resources": [],
                "principals": [],
                "resources": [
                  "arn:aws:dynamodb:us-east-1:*:table/parsley"
                ],
                "sid": ""
              }
            ],
            "version": "2012-10-17"
          },
          "sensitive_attributes": []
        }
      ]
    },
    {
      "module": "module.iam_user",
      "mode": "managed",
      "type": "aws_iam_access_key",
      "name": "access_key_unencrypted",
      "provider": "provider[\"registry.terraform.io/hashicorp/aws\"]",
      "instances": [
        {
          "index_key": 0,
          "schema_version": 0,
          "attributes": {
            "create_date": "2021-06-28T04:35:02Z",
            "encrypted_secret": null,
            "id": "AKIA5MTS57M1PZBEGJKA",
            "key_fingerprint": null,
            "pgp_key": null,
            "secret": "843PiJ+LUrJFeCvs6dHnGUhC0XweU4ZRNN+e1odH",
            "ses_smtp_password_v4": "BFScm2r7/y0pzYUlMWsyjqq34D9tAnA/qXUzLZBNATUK",
            "status": "Active",
            "user": "test"
          },
          "sensitive_attributes": [],
          "private": "bnVsbA==",
          "dependencies": [
            "module.iam_user.aws_iam_user.user"
          ]
        }
      ]
    },
    {
      "module": "module.iam_user",
      "mode": "managed",
      "type": "aws_iam_account_password_policy",
      "name": "strict",
      "provider": "provider[\"registry.terraform.io/hashicorp/aws\"]",
      "instances": [
        {
          "schema_version": 0,
          "attributes": {
            "allow_users_to_change_password": true,
            "expire_passwords": true,
            "hard_expiry": false,
            "id": "iam-account-password-policy",
            "max_password_age": 364,
            "minimum_password_length": 18,
            "password_reuse_prevention": 7,
            "require_lowercase_characters": true,
            "require_numbers": true,
            "require_symbols": true,
            "require_uppercase_characters": true
          },
          "sensitive_attributes": [],
          "private": "bnVsbA=="
        }
      ]
    },
    {
      "module": "module.iam_user",
      "mode": "managed",
      "type": "aws_iam_user",
      "name": "user",
      "provider": "provider[\"registry.terraform.io/hashicorp/aws\"]",
      "instances": [
        {
          "schema_version": 0,
          "attributes": {
            "arn": "arn:aws:iam::000000000000:user/test",
            "force_destroy": false,
            "id": "test",
            "name": "test",
            "path": "/",
            "permissions_boundary": "",
            "tags": {},
            "tags_all": {},
            "unique_id": "yqsr5gsxohoyvwa3eg04"
          },
          "sensitive_attributes": [],
          "private": "bnVsbA=="
        }
      ]
    },
    {
      "module": "module.iam_user_login",
      "mode": "data",
      "type": "aws_iam_policy_document",
      "name": "DynamoDB_READ",
      "provider": "provider[\"registry.terraform.io/hashicorp/aws\"]",
      "instances": [
        {
          "schema_version": 0,
          "attributes": {
            "id": "2734149725",
            "json": "{\n  \"Version\": \"2012-10-17\",\n  \"Statement\": [\n    {\n      \"Sid\": \"\",\n      \"Effect\": \"Allow\",\n      \"Action\": [\n        \"dynamodb:Scan\",\n        \"dynamodb:Query\"\n      ],\n      \"Resource\": \"arn:aws:dynamodb:us-east-1:*:table/parsley\"\n    }\n  ]\n}",
            "override_json": null,
            "override_policy_documents": null,
            "policy_id": null,
            "source_json": null,
            "source_policy_documents": null,
            "statement": [
              {
                "actions": [
                  "dynamodb:Query",
                  "dynamodb:Scan"
                ],
                "condition": [],
                "effect": "Allow",
                "not_actions": [],
                "not_principals": [],
                "not_resources": [],
                "principals": [],
                "resources": [
                  "arn:aws:dynamodb:us-east-1:*:table/parsley"
                ],
                "sid": ""
              }
            ],
            "version": "2012-10-17"
          },
          "sensitive_attributes": []
        }
      ]
    },
    {
      "module": "module.iam_user_login",
      "mode": "data",
      "type": "aws_iam_policy_document",
      "name": "DynamoDB_Target_READ",
      "provider": "provider[\"registry.terraform.io/hashicorp/aws\"]",
      "instances": [
        {
          "schema_version": 0,
          "attributes": {
            "id": "1910282293",
            "json": "{\n  \"Version\": \"2012-10-17\",\n  \"Statement\": [\n    {\n      \"Sid\": \"\",\n      \"Effect\": \"Allow\",\n      \"Action\": [\n        \"dynamodb:Scan\",\n        \"dynamodb:Query\"\n      ],\n      \"Resource\": \"arn:aws:dynamodb:us-east-1:*:table/parsley\",\n      \"Condition\": {\n        \"ForAllValues:StringEquals\": {\n          \"dynamodb:Attributes\": [\n            \"Parslet-2\"\n          ]\n        }\n      }\n    }\n  ]\n}",
            "override_json": null,
            "override_policy_documents": null,
            "policy_id": null,
            "source_json": null,
            "source_policy_documents": null,
            "statement": [
              {
                "actions": [
                  "dynamodb:Query",
                  "dynamodb:Scan"
                ],
                "condition": [
                  {
                    "test": "ForAllValues:StringEquals",
                    "values": [
                      "Parslet-2"
                    ],
                    "variable": "dynamodb:Attributes"
                  }
                ],
                "effect": "Allow",
                "not_actions": [],
                "not_principals": [],
                "not_resources": [],
                "principals": [],
                "resources": [
                  "arn:aws:dynamodb:us-east-1:*:table/parsley"
                ],
                "sid": ""
              }
            ],
            "version": "2012-10-17"
          },
          "sensitive_attributes": []
        }
      ]
    },
    {
      "module": "module.iam_user_login",
      "mode": "data",
      "type": "aws_iam_policy_document",
      "name": "DynamoDB_Write",
      "provider": "provider[\"registry.terraform.io/hashicorp/aws\"]",
      "instances": [
        {
          "schema_version": 0,
          "attributes": {
            "id": "565073179",
            "json": "{\n  \"Version\": \"2012-10-17\",\n  \"Statement\": [\n    {\n      \"Sid\": \"\",\n      \"Effect\": \"Allow\",\n      \"Action\": \"dynamodb:PutItem\",\n      \"Resource\": \"arn:aws:dynamodb:us-east-1:*:table/parsley\"\n    }\n  ]\n}",
            "override_json": null,
            "override_policy_documents": null,
            "policy_id": null,
            "source_json": null,
            "source_policy_documents": null,
            "statement": [
              {
                "actions": [
                  "dynamodb:PutItem"
                ],
                "condition": [],
                "effect": "Allow",
                "not_actions": [],
                "not_principals": [],
                "not_resources": [],
                "principals": [],
                "resources": [
                  "arn:aws:dynamodb:us-east-1:*:table/parsley"
                ],
                "sid": ""
              }
            ],
            "version": "2012-10-17"
          },
          "sensitive_attributes": []
        }
      ]
    },
    {
      "module": "module.iam_user_login",
      "mode": "managed",
      "type": "aws_iam_access_key",
      "name": "access_key_encrypted",
      "provider": "provider[\"registry.terraform.io/hashicorp/aws\"]",
      "instances": [
        {
          "index_key": 0,
          "schema_version": 0,
          "attributes": {
            "create_date": "2021-06-28T04:07:50Z",
            "encrypted_secret": "wcBMAyIPbuyE1GplAQgANwjvnTb1mwE4qmaxqnS+HJlTBUd/LU3gkNxy4Ev73iSQT8oy+s1m/gGimYTGaQnOmjg5ZaR81iZ+TMmWCeCRibpBn6wsRJrbO7ze4wr9jxqaQKlT9tVW45zyS8G4kcObc5+rvuGe0BMV66X77YantuPjoVV4hXVce6J0fYP1MA5hBR/8Nf9O6VQe21sh7ZOFcWjaXoJz4SdIa9N8ql7jRM+jWOBppsgPLFde0KUn+3MShDSsFjiQUrN/df0V3FRPyC4ZDIIkDbYy8tAby/8YnfGvJQV7h/4u7lefHqTusT+4voDcmgi2ktl56CyNuL6MT72m5bEAAa7hJKRulzjlidLgAeTFRkWiYqi5yle6DyiH++xd4WON4Bfg6+GjNuDI4nN7vengmeWSuoNTAAF7w1gRZUTuQkkLiJF8pbhfhIo8YCi+aYMDMuAE43FD3K1oZUQI4FzkRRFccQfoMEkwFqi1TFyvyuLYNgGe4Xp1AA==",
            "id": "AKIAX3FDHVLEQFFAH05B",
            "key_fingerprint": "d5539ff96c8e40fff9ee6e9445141df80da48748",
            "pgp_key": "keybase:test",
            "secret": null,
            "ses_smtp_password_v4": "BNJJTkQI73ZQNxR0mff6KlZx07GmfoqfGz5l/YKC4f9f",
            "status": "Active",
            "user": "test_login"
          },
          "sensitive_attributes": [],
          "private": "bnVsbA==",
          "dependencies": [
            "module.iam_user_login.aws_iam_user.user"
          ]
        }
      ]
    },
    {
      "module": "module.iam_user_login",
      "mode": "managed",
      "type": "aws_iam_account_password_policy",
      "name": "strict",
      "provider": "provider[\"registry.terraform.io/hashicorp/aws\"]",
      "instances": [
        {
          "schema_version": 0,
          "attributes": {
            "allow_users_to_change_password": true,
            "expire_passwords": true,
            "hard_expiry": false,
            "id": "iam-account-password-policy",
            "max_password_age": 364,
            "minimum_password_length": 18,
            "password_reuse_prevention": 7,
            "require_lowercase_characters": true,
            "require_numbers": true,
            "require_symbols": true,
            "require_uppercase_characters": true
          },
          "sensitive_attributes": [],
          "private": "bnVsbA=="
        }
      ]
    },
    {
      "module": "module.iam_user_login",
      "mode": "managed",
      "type": "aws_iam_user",
      "name": "user",
      "provider": "provider[\"registry.terraform.io/hashicorp/aws\"]",
      "instances": [
        {
          "schema_version": 0,
          "attributes": {
            "arn": "arn:aws:iam::000000000000:user/test_login",
            "force_destroy": false,
            "id": "test_login",
            "name": "test_login",
            "path": "/",
            "permissions_boundary": "",
            "tags": {},
            "tags_all": {},
            "unique_id": "055lh60u0l5954inc2pv"
          },
          "sensitive_attributes": [],
          "private": "bnVsbA=="
        }
      ]
    },
    {
      "module": "module.iam_user_login",
      "mode": "managed",
      "type": "aws_iam_user_login_profile",
      "name": "login_profile",
      "provider": "provider[\"registry.terraform.io/hashicorp/aws\"]",
      "instances": [
        {
          "index_key": 0,
          "schema_version": 0,
          "attributes": {
            "encrypted_password": "wcBMAyIPbuyE1GplAQgAEgQrs8MKUsbcOHUAkI/9nLPOJKpPQQhPz8UsJPSb5fceUNxWzINebzikb8TZWg+ptiK8BMviyprtPZTYKVbCZICk2PHp2retvHVkd6hED9Tigvh/OK/4Hf0GT0DhG4d8+x0Vz9+ISE8gHfE2w0Fe1t6hYaLAzIhRyXk+bg2TkX9vQ84VBFrSX7II4fT6gmo+lk6xCQJ0N3XVr3x6VrUZ+6giFJTqvzvu2EBDlHLMG11HEOGdWcNs64p+BaZJjY6zVwSoihtH6CY9CRxZUPxZ/s4y0hpy02TVVyn/4qeLmRNgn7NbA3w/ni8GU0DmTJclsVMmr1bOMMVH/pxRnIkAn9LgAeQp6ev79tbBHUelpMd2X8pF4boO4N/gK+GN3+BV4nh2fMTgQOS1bp8NbLsKq9DZVt2KLT5S4OHjt0z2zXk5TL3ga+JERMEo4EnhpDPgvOTLcgHMKTuKy1DrwDGTL6gY4tHCurbhM6AA",
            "id": "test_login",
            "key_fingerprint": "d5539ff96c8e40fff9ee6e9445141df80da48748",
            "password_length": 30,
            "password_reset_required": true,
            "pgp_key": "keybase:test",
            "user": "test_login"
          },
          "sensitive_attributes": [],
          "private": "bnVsbA==",
          "dependencies": [
            "module.iam_user_login.aws_iam_user.user"
          ]
        }
      ]
    },
    {
      "module": "module.iam_user_ssh",
      "mode": "data",
      "type": "aws_iam_policy_document",
      "name": "DynamoDB_READ",
      "provider": "provider[\"registry.terraform.io/hashicorp/aws\"]",
      "instances": [
        {
          "schema_version": 0,
          "attributes": {
            "id": "2734149725",
            "json": "{\n  \"Version\": \"2012-10-17\",\n  \"Statement\": [\n    {\n      \"Sid\": \"\",\n      \"Effect\": \"Allow\",\n      \"Action\": [\n        \"dynamodb:Scan\",\n        \"dynamodb:Query\"\n      ],\n      \"Resource\": \"arn:aws:dynamodb:us-east-1:*:table/parsley\"\n    }\n  ]\n}",
            "override_json": null,
            "override_policy_documents": null,
            "policy_id": null,
            "source_json": null,
            "source_policy_documents": null,
            "statement": [
              {
                "actions": [
                  "dynamodb:Query",
                  "dynamodb:Scan"
                ],
                "condition": [],
                "effect": "Allow",
                "not_actions": [],
                "not_principals": [],
                "not_resources": [],
                "principals": [],
                "resources": [
                  "arn:aws:dynamodb:us-east-1:*:table/parsley"
                ],
                "sid": ""
              }
            ],
            "version": "2012-10-17"
          },
          "sensitive_attributes": []
        }
      ]
    },
    {
      "module": "module.iam_user_ssh",
      "mode": "data",
      "type": "aws_iam_policy_document",
      "name": "DynamoDB_Target_READ",
      "provider": "provider[\"registry.terraform.io/hashicorp/aws\"]",
      "instances": [
        {
          "schema_version": 0,
          "attributes": {
            "id": "1910282293",
            "json": "{\n  \"Version\": \"2012-10-17\",\n  \"Statement\": [\n    {\n      \"Sid\": \"\",\n      \"Effect\": \"Allow\",\n      \"Action\": [\n        \"dynamodb:Scan\",\n        \"dynamodb:Query\"\n      ],\n      \"Resource\": \"arn:aws:dynamodb:us-east-1:*:table/parsley\",\n      \"Condition\": {\n        \"ForAllValues:StringEquals\": {\n          \"dynamodb:Attributes\": [\n            \"Parslet-2\"\n          ]\n        }\n      }\n    }\n  ]\n}",
            "override_json": null,
            "override_policy_documents": null,
            "policy_id": null,
            "source_json": null,
            "source_policy_documents": null,
            "statement": [
              {
                "actions": [
                  "dynamodb:Query",
                  "dynamodb:Scan"
                ],
                "condition": [
                  {
                    "test": "ForAllValues:StringEquals",
                    "values": [
                      "Parslet-2"
                    ],
                    "variable": "dynamodb:Attributes"
                  }
                ],
                "effect": "Allow",
                "not_actions": [],
                "not_principals": [],
                "not_resources": [],
                "principals": [],
                "resources": [
                  "arn:aws:dynamodb:us-east-1:*:table/parsley"
                ],
                "sid": ""
              }
            ],
            "version": "2012-10-17"
          },
          "sensitive_attributes": []
        }
      ]
    },
    {
      "module": "module.iam_user_ssh",
      "mode": "data",
      "type": "aws_iam_policy_document",
      "name": "DynamoDB_Write",
      "provider": "provider[\"registry.terraform.io/hashicorp/aws\"]",
      "instances": [
        {
          "schema_version": 0,
          "attributes": {
            "id": "565073179",
            "json": "{\n  \"Version\": \"2012-10-17\",\n  \"Statement\": [\n    {\n      \"Sid\": \"\",\n      \"Effect\": \"Allow\",\n      \"Action\": \"dynamodb:PutItem\",\n      \"Resource\": \"arn:aws:dynamodb:us-east-1:*:table/parsley\"\n    }\n  ]\n}",
            "override_json": null,
            "override_policy_documents": null,
            "policy_id": null,
            "source_json": null,
            "source_policy_documents": null,
            "statement": [
              {
                "actions": [
                  "dynamodb:PutItem"
                ],
                "condition": [],
                "effect": "Allow",
                "not_actions": [],
                "not_principals": [],
                "not_resources": [],
                "principals": [],
                "resources": [
                  "arn:aws:dynamodb:us-east-1:*:table/parsley"
                ],
                "sid": ""
              }
            ],
            "version": "2012-10-17"
          },
          "sensitive_attributes": []
        }
      ]
    },
    {
      "module": "module.iam_user_ssh",
      "mode": "managed",
      "type": "aws_iam_access_key",
      "name": "access_key_encrypted",
      "provider": "provider[\"registry.terraform.io/hashicorp/aws\"]",
      "instances": [
        {
          "index_key": 0,
          "schema_version": 0,
          "attributes": {
            "create_date": "2021-06-28T04:05:47Z",
            "encrypted_secret": "wcBMAyIPbuyE1GplAQgAbfC0OuZ4ZKIInPln6BtNvdTF5rp8vxrGDsteFltbK1Jb7jd11I06WWFd6KFTphG4AqK/E37+GxVf1Vl7thyLGtRpEBGw7fIPKHKpxhz4/1v4YNFtTB8TmR0lARZ74Hb2oaSZgCCpJ0YqKhOyCI1h8g2mf5DAFFd+o6KX9ZWjffi7pq4Jy0eVSc9CL8ygfOXLngkdroJxQDjI+n6Ph4JpSuCCa5wMOoaQabOxFZ+9e7RjAnvO7+xhVQyxPCK/MxTNVaOrx7ebLEmHJVtE7YgizGqmYApe62XAxHcV/To0NF67eEmhxYQXBJftQNj5kQxkeyV6x6SATGgSuQpgsdit3tLgAeTg0FIi0rRF1AFjAjt9MyRK4ejc4HvgUOGT4OBw4sZm3X3gKuWC8Z+pExoJ2L4RcXGSIYHwKaBSZatyv+F3mdep++J/YuDu4zjjCGGFBe114BHk04TRZZp0S9BR3djJeTdRSuLjDozK4WaoAA==",
            "id": "AKIAVNSC67XYG3N1N2EZ",
            "key_fingerprint": "d5539ff96c8e40fff9ee6e9445141df80da48748",
            "pgp_key": "keybase:test",
            "secret": null,
            "ses_smtp_password_v4": "BBvUsfYWIoVgRe+uXW3JvQrgSqvQ4UZZcnh6OQN4q1HR",
            "status": "Active",
            "user": "test_ssh"
          },
          "sensitive_attributes": [],
          "private": "bnVsbA==",
          "dependencies": [
            "module.iam_user_ssh.aws_iam_user.user"
          ]
        }
      ]
    },
    {
      "module": "module.iam_user_ssh",
      "mode": "managed",
      "type": "aws_iam_account_password_policy",
      "name": "strict",
      "provider": "provider[\"registry.terraform.io/hashicorp/aws\"]",
      "instances": [
        {
          "schema_version": 0,
          "attributes": {
            "allow_users_to_change_password": true,
            "expire_passwords": true,
            "hard_expiry": false,
            "id": "iam-account-password-policy",
            "max_password_age": 364,
            "minimum_password_length": 18,
            "password_reuse_prevention": 7,
            "require_lowercase_characters": true,
            "require_numbers": true,
            "require_symbols": true,
            "require_uppercase_characters": true
          },
          "sensitive_attributes": [],
          "private": "bnVsbA=="
        }
      ]
    },
    {
      "module": "module.iam_user_ssh",
      "mode": "managed",
      "type": "aws_iam_user",
      "name": "user",
      "provider": "provider[\"registry.terraform.io/hashicorp/aws\"]",
      "instances": [
        {
          "schema_version": 0,
          "attributes": {
            "arn": "arn:aws:iam::000000000000:user/test_ssh",
            "force_destroy": false,
            "id": "test_ssh",
            "name": "test_ssh",
            "path": "/",
            "permissions_boundary": "",
            "tags": {},
            "tags_all": {},
            "unique_id": "vqq20cfexszev3st3d5a"
          },
          "sensitive_attributes": [],
          "private": "bnVsbA=="
        }
      ]
    },
    {
      "module": "module.iam_user_ssh",
      "mode": "managed",
      "type": "aws_iam_user_login_profile",
      "name": "login_profile",
      "provider": "provider[\"registry.terraform.io/hashicorp/aws\"]",
      "instances": [
        {
          "index_key": 0,
          "schema_version": 0,
          "attributes": {
            "encrypted_password": "wcBMAyIPbuyE1GplAQgAQMU78YuypEGH0hemtaLcjgVJC3/8S/yg406cmPuSXrN+uUTjIVsute6f3SwTlMjZlN//sKDqhXet3486bEyVUgH+WlMJEMT/xHXWMt5/S2ohlxshLcYqE6Df+zCtXPaEsmcaKzAEukFz3fTb+D4nB+QNvI2f925VOuxGxTb497zfKFLVOnPaS15WxQkNH8D71GLezTD4PaZiogs2xvfD3Qps+yFAPUZ0AWzN0L6GrD6HaXjCpFdCdtBssYTE7wkwB/Gzoqf+388K2b44jvz8GmfCYU9T83Aep3oyXmBL2HJ5JNZC4dO4KSCArC8lL+aXRj5L+oya+R5A5DRxV5ZHadLgAeTW5TLkceCDaMkfLvSK/zKZ4TbL4Pzgu+EpFuAb4mYxx5Tgt+T4Mbe2KTHnYYdezKQ3cH2F4F7jfLVw6RZPlBDgNuIGFwvL4ArhDa7g2OR5fvZTWgyaOibJOzoEaZaK4h/eI+bh84EA",
            "id": "test_ssh",
            "key_fingerprint": "d5539ff96c8e40fff9ee6e9445141df80da48748",
            "password_length": 30,
            "password_reset_required": true,
            "pgp_key": "keybase:test",
            "user": "test_ssh"
          },
          "sensitive_attributes": [],
          "private": "bnVsbA==",
          "dependencies": [
            "module.iam_user_ssh.aws_iam_user.user"
          ]
        }
      ]
    },
    {
      "module": "module.iam_user_ssh",
      "mode": "managed",
      "type": "aws_iam_user_ssh_key",
      "name": "ssh",
      "provider": "provider[\"registry.terraform.io/hashicorp/aws\"]",
      "instances": [
        {
          "index_key": 0,
          "schema_version": 0,
          "attributes": {
            "encoding": "SSH",
            "fingerprint": "05e9d879348bb0426794cabcf1422b70",
            "id": "APKA49J5TA3ZQ94UZXRE",
            "public_key": "ssh-rsa AAAAB3NzaC1yc2EAAAADAQABAAABAQCRKvYwmflRaSQZp/Z0XU6w3jPCrspnNu7NebfMPFXfhjI7JxZPRtTIN7imkGg1WS6PGmHFfZRZGSN+V4eX+X3uyvU3ZrzZbz8oV6DFDQi9kvnM1HMLz07kLOhu94/uZtpIYbWYfSRJQSJ9MsINzyXT4WbL+97LImBBMxCvSlG9i0AeRBCSRXE+hin1iJquZiH2j3GV007gW21kcvoCZnHONCIucbSQUBevNBibWh4ljf1s1bKo0fkEPMMcyMUpeQ9GswNUHAYgfovrDecwmtJZV4ll/Raf8L6MbWo0Oko+J9ZQ6coM5TW/pEZLewb6XyUeKDDWjOTVxr/W5fvpByPn",
            "ssh_public_key_id": "APKA49J5TA3ZQ94UZXRE",
            "status": "Active",
            "username": "test_ssh"
          },
          "sensitive_attributes": [],
          "private": "bnVsbA==",
          "dependencies": [
            "module.iam_user_ssh.aws_iam_user.user"
          ]
        }
      ]
    }
  ]
}
